
Microsoft Visual Studio Solution File, Format Version 12.00
# Visual Studio Version 17
VisualStudioVersion = 17.6.33815.320
MinimumVisualStudioVersion = 10.0.40219.1
Project("{FAE04EC0-301F-11D3-BF4B-00C04F79EFBC}") = "Employee_Exercise", "Employee_Exercise\Employee_Exercise.csproj", "{5482DD8E-C8B6-4F6D-8861-21A9CE6D7060}"
EndProject
Global
	GlobalSection(SolutionConfigurationPlatforms) = preSolution
		Debug|Any CPU = Debug|Any CPU
		Release|Any CPU = Release|Any CPU
	EndGlobalSection
	GlobalSection(ProjectConfigurationPlatforms) = postSolution
		{5482DD8E-C8B6-4F6D-8861-21A9CE6D7060}.Debug|Any CPU.ActiveCfg = Debug|Any CPU
		{5482DD8E-C8B6-4F6D-8861-21A9CE6D7060}.Debug|Any CPU.Build.0 = Debug|Any CPU
		{5482DD8E-C8B6-4F6D-8861-21A9CE6D7060}.Release|Any CPU.ActiveCfg = Release|Any CPU
		{5482DD8E-C8B6-4F6D-8861-21A9CE6D7060}.Release|Any CPU.Build.0 = Release|Any CPU
	EndGlobalSection
	GlobalSection(SolutionProperties) = preSolution
		HideSolutionNode = FALSE
	EndGlobalSection
	GlobalSection(ExtensibilityGlobals) = postSolution
		SolutionGuid = {32D309EF-B40C-48AB-9B8A-B487702BC2FA}
	EndGlobalSection
EndGlobal
