
Microsoft Visual Studio Solution File, Format Version 12.00
# Visual Studio Version 17
VisualStudioVersion = 17.6.33815.320
MinimumVisualStudioVersion = 10.0.40219.1
Project("{FAE04EC0-301F-11D3-BF4B-00C04F79EFBC}") = "JaggedArray", "JaggedArray\JaggedArray.csproj", "{7AA314AF-BF29-4D39-A546-0EEEEAB12DBC}"
EndProject
Global
	GlobalSection(SolutionConfigurationPlatforms) = preSolution
		Debug|Any CPU = Debug|Any CPU
		Release|Any CPU = Release|Any CPU
	EndGlobalSection
	GlobalSection(ProjectConfigurationPlatforms) = postSolution
		{7AA314AF-BF29-4D39-A546-0EEEEAB12DBC}.Debug|Any CPU.ActiveCfg = Debug|Any CPU
		{7AA314AF-BF29-4D39-A546-0EEEEAB12DBC}.Debug|Any CPU.Build.0 = Debug|Any CPU
		{7AA314AF-BF29-4D39-A546-0EEEEAB12DBC}.Release|Any CPU.ActiveCfg = Release|Any CPU
		{7AA314AF-BF29-4D39-A546-0EEEEAB12DBC}.Release|Any CPU.Build.0 = Release|Any CPU
	EndGlobalSection
	GlobalSection(SolutionProperties) = preSolution
		HideSolutionNode = FALSE
	EndGlobalSection
	GlobalSection(ExtensibilityGlobals) = postSolution
		SolutionGuid = {3DBD6BCB-35BD-4F94-A722-CF3A2BA5F7A5}
	EndGlobalSection
EndGlobal
